
Microsoft Visual Studio Solution File, Format Version 12.00
# Visual Studio Version 17
VisualStudioVersion = 17.8.34408.163
MinimumVisualStudioVersion = 10.0.40219.1
Project("{9A19103F-16F7-4668-BE54-9A1E7A4F7556}") = "Ex01_02", "Ex01_02\Ex01_02.csproj", "{D976B126-6F9A-4BA7-94D8-47A280657DAC}"
EndProject
Project("{9A19103F-16F7-4668-BE54-9A1E7A4F7556}") = "Ex01_03", "Ex01_03\Ex01_03.csproj", "{5A81EA8E-429B-4E19-9A18-8B19BD9111B7}"
EndProject
Project("{9A19103F-16F7-4668-BE54-9A1E7A4F7556}") = "Ex01_04", "Ex01_04\Ex01_04.csproj", "{301397E0-04C2-43D7-8EE0-6DEC88314238}"
EndProject
Project("{9A19103F-16F7-4668-BE54-9A1E7A4F7556}") = "Ex01_05", "Ex01_05\Ex01_05.csproj", "{7FF929C4-9918-4F46-9845-5B60D9CBCF0A}"
EndProject
Project("{FAE04EC0-301F-11D3-BF4B-00C04F79EFBC}") = "Ex01_01", "Ex01_01\Ex01_01.csproj", "{732A3B7E-0750-4B52-ACBA-824B3292CF02}"
EndProject
Global
	GlobalSection(SolutionConfigurationPlatforms) = preSolution
		Debug|Any CPU = Debug|Any CPU
		Release|Any CPU = Release|Any CPU
	EndGlobalSection
	GlobalSection(ProjectConfigurationPlatforms) = postSolution
		{D976B126-6F9A-4BA7-94D8-47A280657DAC}.Debug|Any CPU.ActiveCfg = Debug|Any CPU
		{D976B126-6F9A-4BA7-94D8-47A280657DAC}.Debug|Any CPU.Build.0 = Debug|Any CPU
		{D976B126-6F9A-4BA7-94D8-47A280657DAC}.Release|Any CPU.ActiveCfg = Release|Any CPU
		{D976B126-6F9A-4BA7-94D8-47A280657DAC}.Release|Any CPU.Build.0 = Release|Any CPU
		{5A81EA8E-429B-4E19-9A18-8B19BD9111B7}.Debug|Any CPU.ActiveCfg = Debug|Any CPU
		{5A81EA8E-429B-4E19-9A18-8B19BD9111B7}.Debug|Any CPU.Build.0 = Debug|Any CPU
		{5A81EA8E-429B-4E19-9A18-8B19BD9111B7}.Release|Any CPU.ActiveCfg = Release|Any CPU
		{5A81EA8E-429B-4E19-9A18-8B19BD9111B7}.Release|Any CPU.Build.0 = Release|Any CPU
		{301397E0-04C2-43D7-8EE0-6DEC88314238}.Debug|Any CPU.ActiveCfg = Debug|Any CPU
		{301397E0-04C2-43D7-8EE0-6DEC88314238}.Debug|Any CPU.Build.0 = Debug|Any CPU
		{301397E0-04C2-43D7-8EE0-6DEC88314238}.Release|Any CPU.ActiveCfg = Release|Any CPU
		{301397E0-04C2-43D7-8EE0-6DEC88314238}.Release|Any CPU.Build.0 = Release|Any CPU
		{7FF929C4-9918-4F46-9845-5B60D9CBCF0A}.Debug|Any CPU.ActiveCfg = Debug|Any CPU
		{7FF929C4-9918-4F46-9845-5B60D9CBCF0A}.Debug|Any CPU.Build.0 = Debug|Any CPU
		{7FF929C4-9918-4F46-9845-5B60D9CBCF0A}.Release|Any CPU.ActiveCfg = Release|Any CPU
		{7FF929C4-9918-4F46-9845-5B60D9CBCF0A}.Release|Any CPU.Build.0 = Release|Any CPU
		{732A3B7E-0750-4B52-ACBA-824B3292CF02}.Debug|Any CPU.ActiveCfg = Debug|Any CPU
		{732A3B7E-0750-4B52-ACBA-824B3292CF02}.Debug|Any CPU.Build.0 = Debug|Any CPU
		{732A3B7E-0750-4B52-ACBA-824B3292CF02}.Release|Any CPU.ActiveCfg = Release|Any CPU
		{732A3B7E-0750-4B52-ACBA-824B3292CF02}.Release|Any CPU.Build.0 = Release|Any CPU
	EndGlobalSection
	GlobalSection(SolutionProperties) = preSolution
		HideSolutionNode = FALSE
	EndGlobalSection
	GlobalSection(ExtensibilityGlobals) = postSolution
		SolutionGuid = {689E0D81-947F-4A82-8030-7C3789870371}
	EndGlobalSection
EndGlobal
