
Microsoft Visual Studio Solution File, Format Version 12.00
# Visual Studio Version 17
VisualStudioVersion = 17.8.34408.163
MinimumVisualStudioVersion = 10.0.40219.1
Project("{FAE04EC0-301F-11D3-BF4B-00C04F79EFBC}") = "Ex01_01", "Ex01_01\Ex01_01.csproj", "{297DB022-843F-4252-9F99-521FE168E1E1}"
EndProject
Project("{FAE04EC0-301F-11D3-BF4B-00C04F79EFBC}") = "Ex01_02", "Ex01_02\Ex01_02.csproj", "{578AE2B2-356D-4CFB-9805-783BC7A72BFA}"
EndProject
Project("{FAE04EC0-301F-11D3-BF4B-00C04F79EFBC}") = "Ex01_03", "Ex01_03\Ex01_03.csproj", "{B2F88E90-6626-411D-8AC5-A99E27F8EF48}"
EndProject
Project("{FAE04EC0-301F-11D3-BF4B-00C04F79EFBC}") = "Ex01_04", "Ex01_04\Ex01_04.csproj", "{52979F8B-68C8-462D-85ED-C06CA1428727}"
EndProject
Project("{FAE04EC0-301F-11D3-BF4B-00C04F79EFBC}") = "Ex01_05", "Ex01_05\Ex01_05.csproj", "{CCE84EFD-E8FD-40EC-AD23-156D8139339C}"
EndProject
Global
	GlobalSection(SolutionConfigurationPlatforms) = preSolution
		Debug|Any CPU = Debug|Any CPU
		Release|Any CPU = Release|Any CPU
	EndGlobalSection
	GlobalSection(ProjectConfigurationPlatforms) = postSolution
		{297DB022-843F-4252-9F99-521FE168E1E1}.Debug|Any CPU.ActiveCfg = Debug|Any CPU
		{297DB022-843F-4252-9F99-521FE168E1E1}.Debug|Any CPU.Build.0 = Debug|Any CPU
		{297DB022-843F-4252-9F99-521FE168E1E1}.Release|Any CPU.ActiveCfg = Release|Any CPU
		{297DB022-843F-4252-9F99-521FE168E1E1}.Release|Any CPU.Build.0 = Release|Any CPU
		{578AE2B2-356D-4CFB-9805-783BC7A72BFA}.Debug|Any CPU.ActiveCfg = Debug|Any CPU
		{578AE2B2-356D-4CFB-9805-783BC7A72BFA}.Debug|Any CPU.Build.0 = Debug|Any CPU
		{578AE2B2-356D-4CFB-9805-783BC7A72BFA}.Release|Any CPU.ActiveCfg = Release|Any CPU
		{578AE2B2-356D-4CFB-9805-783BC7A72BFA}.Release|Any CPU.Build.0 = Release|Any CPU
		{B2F88E90-6626-411D-8AC5-A99E27F8EF48}.Debug|Any CPU.ActiveCfg = Debug|Any CPU
		{B2F88E90-6626-411D-8AC5-A99E27F8EF48}.Debug|Any CPU.Build.0 = Debug|Any CPU
		{B2F88E90-6626-411D-8AC5-A99E27F8EF48}.Release|Any CPU.ActiveCfg = Release|Any CPU
		{B2F88E90-6626-411D-8AC5-A99E27F8EF48}.Release|Any CPU.Build.0 = Release|Any CPU
		{52979F8B-68C8-462D-85ED-C06CA1428727}.Debug|Any CPU.ActiveCfg = Debug|Any CPU
		{52979F8B-68C8-462D-85ED-C06CA1428727}.Debug|Any CPU.Build.0 = Debug|Any CPU
		{52979F8B-68C8-462D-85ED-C06CA1428727}.Release|Any CPU.ActiveCfg = Release|Any CPU
		{52979F8B-68C8-462D-85ED-C06CA1428727}.Release|Any CPU.Build.0 = Release|Any CPU
		{CCE84EFD-E8FD-40EC-AD23-156D8139339C}.Debug|Any CPU.ActiveCfg = Debug|Any CPU
		{CCE84EFD-E8FD-40EC-AD23-156D8139339C}.Debug|Any CPU.Build.0 = Debug|Any CPU
		{CCE84EFD-E8FD-40EC-AD23-156D8139339C}.Release|Any CPU.ActiveCfg = Release|Any CPU
		{CCE84EFD-E8FD-40EC-AD23-156D8139339C}.Release|Any CPU.Build.0 = Release|Any CPU
	EndGlobalSection
	GlobalSection(SolutionProperties) = preSolution
		HideSolutionNode = FALSE
	EndGlobalSection
	GlobalSection(ExtensibilityGlobals) = postSolution
		SolutionGuid = {689E0D81-947F-4A82-8030-7C3789870371}
	EndGlobalSection
EndGlobal
