
Microsoft Visual Studio Solution File, Format Version 12.00
# Visual Studio Version 17
VisualStudioVersion = 17.9.34622.214
MinimumVisualStudioVersion = 10.0.40219.1
Project("{FAE04EC0-301F-11D3-BF4B-00C04F79EFBC}") = "Ex04.Menus.Test", "Ex04.Menus.Test\Ex04.Menus.Test.csproj", "{B254922E-D9A4-474B-BA91-F9234CC6CF0F}"
EndProject
Project("{FAE04EC0-301F-11D3-BF4B-00C04F79EFBC}") = "Ex04.Menus.Interface", "Ex04.Menus.Interface\Ex04.Menus.Interface.csproj", "{586DA545-8F0C-4C4E-BE89-9BB6090554CC}"
EndProject
Project("{FAE04EC0-301F-11D3-BF4B-00C04F79EFBC}") = "Ex04.Menus.Delegates", "Ex04.Menus.Delegates\Ex04.Menus.Delegates.csproj", "{7E106184-4E8D-4332-9AFC-545367E4297E}"
EndProject
Global
	GlobalSection(SolutionConfigurationPlatforms) = preSolution
		Debug|Any CPU = Debug|Any CPU
		Release|Any CPU = Release|Any CPU
	EndGlobalSection
	GlobalSection(ProjectConfigurationPlatforms) = postSolution
		{B254922E-D9A4-474B-BA91-F9234CC6CF0F}.Debug|Any CPU.ActiveCfg = Debug|Any CPU
		{B254922E-D9A4-474B-BA91-F9234CC6CF0F}.Debug|Any CPU.Build.0 = Debug|Any CPU
		{B254922E-D9A4-474B-BA91-F9234CC6CF0F}.Release|Any CPU.ActiveCfg = Release|Any CPU
		{B254922E-D9A4-474B-BA91-F9234CC6CF0F}.Release|Any CPU.Build.0 = Release|Any CPU
		{586DA545-8F0C-4C4E-BE89-9BB6090554CC}.Debug|Any CPU.ActiveCfg = Debug|Any CPU
		{586DA545-8F0C-4C4E-BE89-9BB6090554CC}.Debug|Any CPU.Build.0 = Debug|Any CPU
		{586DA545-8F0C-4C4E-BE89-9BB6090554CC}.Release|Any CPU.ActiveCfg = Release|Any CPU
		{586DA545-8F0C-4C4E-BE89-9BB6090554CC}.Release|Any CPU.Build.0 = Release|Any CPU
		{7E106184-4E8D-4332-9AFC-545367E4297E}.Debug|Any CPU.ActiveCfg = Debug|Any CPU
		{7E106184-4E8D-4332-9AFC-545367E4297E}.Debug|Any CPU.Build.0 = Debug|Any CPU
		{7E106184-4E8D-4332-9AFC-545367E4297E}.Release|Any CPU.ActiveCfg = Release|Any CPU
		{7E106184-4E8D-4332-9AFC-545367E4297E}.Release|Any CPU.Build.0 = Release|Any CPU
	EndGlobalSection
	GlobalSection(SolutionProperties) = preSolution
		HideSolutionNode = FALSE
	EndGlobalSection
	GlobalSection(ExtensibilityGlobals) = postSolution
		SolutionGuid = {424C0F06-CE60-4468-AF75-A56160B85E9E}
	EndGlobalSection
	GlobalSection(MonoDevelopProperties) = preSolution
		Policies = $0
		$0.DotNetNamingPolicy = $1
		$1.DirectoryNamespaceAssociation = PrefixedHierarchical
	EndGlobalSection
EndGlobal
